
Microsoft Visual Studio Solution File, Format Version 12.00
# Visual Studio Version 17
VisualStudioVersion = 17.6.33815.320
MinimumVisualStudioVersion = 10.0.40219.1
Project("{FAE04EC0-301F-11D3-BF4B-00C04F79EFBC}") = "LMS", "LMS\LMS.csproj", "{DDE0CBC2-890A-4444-972A-6316F3AD1CFC}"
EndProject
Global
	GlobalSection(SolutionConfigurationPlatforms) = preSolution
		Debug|Any CPU = Debug|Any CPU
		Release|Any CPU = Release|Any CPU
	EndGlobalSection
	GlobalSection(ProjectConfigurationPlatforms) = postSolution
		{DDE0CBC2-890A-4444-972A-6316F3AD1CFC}.Debug|Any CPU.ActiveCfg = Debug|Any CPU
		{DDE0CBC2-890A-4444-972A-6316F3AD1CFC}.Debug|Any CPU.Build.0 = Debug|Any CPU
		{DDE0CBC2-890A-4444-972A-6316F3AD1CFC}.Release|Any CPU.ActiveCfg = Release|Any CPU
		{DDE0CBC2-890A-4444-972A-6316F3AD1CFC}.Release|Any CPU.Build.0 = Release|Any CPU
	EndGlobalSection
	GlobalSection(SolutionProperties) = preSolution
		HideSolutionNode = FALSE
	EndGlobalSection
	GlobalSection(ExtensibilityGlobals) = postSolution
		SolutionGuid = {9BA2B001-7A5C-45C8-A110-0811417A3904}
	EndGlobalSection
EndGlobal
